
Microsoft Visual Studio Solution File, Format Version 12.00
# Visual Studio 15
VisualStudioVersion = 15.0.28307.168
MinimumVisualStudioVersion = 10.0.40219.1
Project("{9A19103F-16F7-4668-BE54-9A1E7A4F7556}") = "InternetChat", "WebApplication4\InternetChat.csproj", "{A19100CD-1AD0-4FB1-AC12-A9D626C50D00}"
EndProject
Global
	GlobalSection(SolutionConfigurationPlatforms) = preSolution
		Debug|Any CPU = Debug|Any CPU
		Release|Any CPU = Release|Any CPU
	EndGlobalSection
	GlobalSection(ProjectConfigurationPlatforms) = postSolution
		{A19100CD-1AD0-4FB1-AC12-A9D626C50D00}.Debug|Any CPU.ActiveCfg = Debug|Any CPU
		{A19100CD-1AD0-4FB1-AC12-A9D626C50D00}.Debug|Any CPU.Build.0 = Debug|Any CPU
		{A19100CD-1AD0-4FB1-AC12-A9D626C50D00}.Release|Any CPU.ActiveCfg = Release|Any CPU
		{A19100CD-1AD0-4FB1-AC12-A9D626C50D00}.Release|Any CPU.Build.0 = Release|Any CPU
	EndGlobalSection
	GlobalSection(SolutionProperties) = preSolution
		HideSolutionNode = FALSE
	EndGlobalSection
	GlobalSection(ExtensibilityGlobals) = postSolution
		SolutionGuid = {295A8AE3-7387-4CB5-82F3-3B18A5277434}
	EndGlobalSection
EndGlobal
